// !$*UTF8*$!
{
	archiveVersion = 1;
	classes = {
	};
	objectVersion = 50;
	objects = {

/* Begin PBXBuildFile section */
		80F63CC32127FD9A0090900D /* AppDelegate.m in Sources */ = {isa = PBXBuildFile; fileRef = 80F63CC22127FD9A0090900D /* AppDelegate.m */; };
		80F63CC62127FD9A0090900D /* ViewController.m in Sources */ = {isa = PBXBuildFile; fileRef = 80F63CC52127FD9A0090900D /* ViewController.m */; };
		80F63CC92127FD9A0090900D /* Main.storyboard in Resources */ = {isa = PBXBuildFile; fileRef = 80F63CC72127FD9A0090900D /* Main.storyboard */; };
		80F63CCB2127FD9C0090900D /* Assets.xcassets in Resources */ = {isa = PBXBuildFile; fileRef = 80F63CCA2127FD9C0090900D /* Assets.xcassets */; };
		80F63CCE2127FD9C0090900D /* LaunchScreen.storyboard in Resources */ = {isa = PBXBuildFile; fileRef = 80F63CCC2127FD9C0090900D /* LaunchScreen.storyboard */; };
		80F63CD12127FD9C0090900D /* main.m in Sources */ = {isa = PBXBuildFile; fileRef = 80F63CD02127FD9C0090900D /* main.m */; };
/* End PBXBuildFile section */

/* Begin PBXFileReference section */
		80F63CBE2127FD9A0090900D /* iOSRunLoopDemo.app */ = {isa = PBXFileReference; explicitFileType = wrapper.application; includeInIndex = 0; path = iOSRunLoopDemo.app; sourceTree = BUILT_PRODUCTS_DIR; };
		80F63CC12127FD9A0090900D /* AppDelegate.h */ = {isa = PBXFileReference; lastKnownFileType = sourcecode.c.h; path = AppDelegate.h; sourceTree = "<group>"; };
		80F63CC22127FD9A0090900D /* AppDelegate.m */ = {isa = PBXFileReference; lastKnownFileType = sourcecode.c.objc; path = AppDelegate.m; sourceTree = "<group>"; };
		80F63CC42127FD9A0090900D /* ViewController.h */ = {isa = PBXFileReference; lastKnownFileType = sourcecode.c.h; path = ViewController.h; sourceTree = "<group>"; };
		80F63CC52127FD9A0090900D /* ViewController.m */ = {isa = PBXFileReference; lastKnownFileType = sourcecode.c.objc; path = ViewController.m; sourceTree = "<group>"; };
		80F63CC82127FD9A0090900D /* Base */ = {isa = PBXFileReference; lastKnownFileType = file.storyboard; name = Base; path = Base.lproj/Main.storyboard; sourceTree = "<group>"; };
		80F63CCA2127FD9C0090900D /* Assets.xcassets */ = {isa = PBXFileReference; lastKnownFileType = folder.assetcatalog; path = Assets.xcassets; sourceTree = "<group>"; };
		80F63CCD2127FD9C0090900D /* Base */ = {isa = PBXFileReference; lastKnownFileType = file.storyboard; name = Base; path = Base.lproj/LaunchScreen.storyboard; sourceTree = "<group>"; };
		80F63CCF2127FD9C0090900D /* Info.plist */ = {isa = PBXFileReference; lastKnownFileType = text.plist.xml; path = Info.plist; sourceTree = "<group>"; };
		80F63CD02127FD9C0090900D /* main.m */ = {isa = PBXFileReference; lastKnownFileType = sourcecode.c.objc; path = main.m; sourceTree = "<group>"; };
/* End PBXFileReference section */

/* Begin PBXFrameworksBuildPhase section */
		80F63CBB2127FD9A0090900D /* Frameworks */ = {
			isa = PBXFrameworksBuildPhase;
			buildActionMask = 2147483647;
			files = (
			);
			runOnlyForDeploymentPostprocessing = 0;
		};
/* End PBXFrameworksBuildPhase section */

/* Begin PBXGroup section */
		80F63CB52127FD9A0090900D = {
			isa = PBXGroup;
			children = (
				80F63CC02127FD9A0090900D /* iOSRunLoopDemo */,
				80F63CBF2127FD9A0090900D /* Products */,
			);
			sourceTree = "<group>";
		};
		80F63CBF2127FD9A0090900D /* Products */ = {
			isa = PBXGroup;
			children = (
				80F63CBE2127FD9A0090900D /* iOSRunLoopDemo.app */,
			);
			name = Products;
			sourceTree = "<group>";
		};
		80F63CC02127FD9A0090900D /* iOSRunLoopDemo */ = {
			isa = PBXGroup;
			children = (
				80F63CC12127FD9A0090900D /* AppDelegate.h */,
				80F63CC22127FD9A0090900D /* AppDelegate.m */,
				80F63CC42127FD9A0090900D /* ViewController.h */,
				80F63CC52127FD9A0090900D /* ViewController.m */,
				80F63CC72127FD9A0090900D /* Main.storyboard */,
				80F63CCA2127FD9C0090900D /* Assets.xcassets */,
				80F63CCC2127FD9C0090900D /* LaunchScreen.storyboard */,
				80F63CCF2127FD9C0090900D /* Info.plist */,
				80F63CD02127FD9C0090900D /* main.m */,
			);
			path = iOSRunLoopDemo;
			sourceTree = "<group>";
		};
/* End PBXGroup section */

/* Begin PBXNativeTarget section */
		80F63CBD2127FD9A0090900D /* iOSRunLoopDemo */ = {
			isa = PBXNativeTarget;
			buildConfigurationList = 80F63CD42127FD9C0090900D /* Build configuration list for PBXNativeTarget "iOSRunLoopDemo" */;
			buildPhases = (
				80F63CBA2127FD9A0090900D /* Sources */,
				80F63CBB2127FD9A0090900D /* Frameworks */,
				80F63CBC2127FD9A0090900D /* Resources */,
			);
			buildRules = (
			);
			dependencies = (
			);
			name = iOSRunLoopDemo;
			productName = iOSRunLoopDemo;
			productReference = 80F63CBE2127FD9A0090900D /* iOSRunLoopDemo.app */;
			productType = "com.apple.product-type.application";
		};
/* End PBXNativeTarget section */

/* Begin PBXProject section */
		80F63CB62127FD9A0090900D /* Project object */ = {
			isa = PBXProject;
			attributes = {
				LastUpgradeCheck = 0940;
				ORGANIZATIONNAME = cxy;
				TargetAttributes = {
					80F63CBD2127FD9A0090900D = {
						CreatedOnToolsVersion = 9.4.1;
					};
				};
			};
			buildConfigurationList = 80F63CB92127FD9A0090900D /* Build configuration list for PBXProject "iOSRunLoopDemo" */;
			compatibilityVersion = "Xcode 9.3";
			developmentRegion = en;
			hasScannedForEncodings = 0;
			knownRegions = (
				en,
				Base,
			);
			mainGroup = 80F63CB52127FD9A0090900D;
			productRefGroup = 80F63CBF2127FD9A0090900D /* Products */;
			projectDirPath = "";
			projectRoot = "";
			targets = (
				80F63CBD2127FD9A0090900D /* iOSRunLoopDemo */,
			);
		};
/* End PBXProject section */

/* Begin PBXResourcesBuildPhase section */
		80F63CBC2127FD9A0090900D /* Resources */ = {
			isa = PBXResourcesBuildPhase;
			buildActionMask = 2147483647;
			files = (
				80F63CCE2127FD9C0090900D /* LaunchScreen.storyboard in Resources */,
				80F63CCB2127FD9C0090900D /* Assets.xcassets in Resources */,
				80F63CC92127FD9A0090900D /* Main.storyboard in Resources */,
			);
			runOnlyForDeploymentPostprocessing = 0;
		};
/* End PBXResourcesBuildPhase section */

/* Begin PBXSourcesBuildPhase section */
		80F63CBA2127FD9A0090900D /* Sources */ = {
			isa = PBXSourcesBuildPhase;
			buildActionMask = 2147483647;
			files = (
				80F63CC62127FD9A0090900D /* ViewController.m in Sources */,
				80F63CD12127FD9C0090900D /* main.m in Sources */,
				80F63CC32127FD9A0090900D /* AppDelegate.m in Sources */,
			);
			runOnlyForDeploymentPostprocessing = 0;
		};
/* End PBXSourcesBuildPhase section */

/* Begin PBXVariantGroup section */
		80F63CC72127FD9A0090900D /* Main.storyboard */ = {
			isa = PBXVariantGroup;
			children = (
				80F63CC82127FD9A0090900D /* Base */,
			);
			name = Main.storyboard;
			sourceTree = "<group>";
		};
		80F63CCC2127FD9C0090900D /* LaunchScreen.storyboard */ = {
			isa = PBXVariantGroup;
			children = (
				80F63CCD2127FD9C0090900D /* Base */,
			);
			name = LaunchScreen.storyboard;
			sourceTree = "<group>";
		};
/* End PBXVariantGroup section */

/* Begin XCBuildConfiguration section */
		80F63CD22127FD9C0090900D /* Debug */ = {
			isa = XCBuildConfiguration;
			buildSettings = {
				ALWAYS_SEARCH_USER_PATHS = NO;
				CLANG_ANALYZER_NONNULL = YES;
				CLANG_ANALYZER_NUMBER_OBJECT_CONVERSION = YES_AGGRESSIVE;
				CLANG_CXX_LANGUAGE_STANDARD = "gnu++14";
				CLANG_CXX_LIBRARY = "libc++";
				CLANG_ENABLE_MODULES = YES;
				CLANG_ENABLE_OBJC_ARC = YES;
				CLANG_ENABLE_OBJC_WEAK = YES;
				CLANG_WARN_BLOCK_CAPTURE_AUTORELEASING = YES;
				CLANG_WARN_BOOL_CONVERSION = YES;
				CLANG_WARN_COMMA = YES;
				CLANG_WARN_CONSTANT_CONVERSION = YES;
				CLANG_WARN_DEPRECATED_OBJC_IMPLEMENTATIONS = YES;
				CLANG_WARN_DIRECT_OBJC_ISA_USAGE = YES_ERROR;
				CLANG_WARN_DOCUMENTATION_COMMENTS = YES;
				CLANG_WARN_EMPTY_BODY = YES;
				CLANG_WARN_ENUM_CONVERSION = YES;
				CLANG_WARN_INFINITE_RECURSION = YES;
				CLANG_WARN_INT_CONVERSION = YES;
				CLANG_WARN_NON_LITERAL_NULL_CONVERSION = YES;
				CLANG_WARN_OBJC_IMPLICIT_RETAIN_SELF = YES;
				CLANG_WARN_OBJC_LITERAL_CONVERSION = YES;
				CLANG_WARN_OBJC_ROOT_CLASS = YES_ERROR;
				CLANG_WARN_RANGE_LOOP_ANALYSIS = YES;
				CLANG_WARN_STRICT_PROTOTYPES = YES;
				CLANG_WARN_SUSPICIOUS_MOVE = YES;
				CLANG_WARN_UNGUARDED_AVAILABILITY = YES_AGGRESSIVE;
				CLANG_WARN_UNREACHABLE_CODE = YES;
				CLANG_WARN__DUPLICATE_METHOD_MATCH = YES;
				CODE_SIGN_IDENTITY = "iPhone Developer";
				COPY_PHASE_STRIP = NO;
				DEBUG_INFORMATION_FORMAT = dwarf;
				ENABLE_STRICT_OBJC_MSGSEND = YES;
				ENABLE_TESTABILITY = YES;
				GCC_C_LANGUAGE_STANDARD = gnu11;
				GCC_DYNAMIC_NO_PIC = NO;
				GCC_NO_COMMON_BLOCKS = YES;
				GCC_OPTIMIZATION_LEVEL = 0;
				GCC_PREPROCESSOR_DEFINITIONS = (
					"DEBUG=1",
					"$(inherited)",
				);
				GCC_WARN_64_TO_32_BIT_CONVERSION = YES;
				GCC_WARN_ABOUT_RETURN_TYPE = YES_ERROR;
				GCC_WARN_UNDECLARED_SELECTOR = YES;
				GCC_WARN_UNINITIALIZED_AUTOS = YES_AGGRESSIVE;
				GCC_WARN_UNUSED_FUNCTION = YES;
				GCC_WARN_UNUSED_VARIABLE = YES;
				IPHONEOS_DEPLOYMENT_TARGET = 11.4;
				MTL_ENABLE_DEBUG_INFO = YES;
				ONLY_ACTIVE_ARCH = YES;
				SDKROOT = iphoneos;
			};
			name = Debug;
		};
		80F63CD32127FD9C0090900D /* Release */ = {
			isa = XCBuildConfiguration;
			buildSettings = {
				ALWAYS_SEARCH_USER_PATHS = NO;
				CLANG_ANALYZER_NONNULL = YES;
				CLANG_ANALYZER_NUMBER_OBJECT_CONVERSION = YES_AGGRESSIVE;
				CLANG_CXX_LANGUAGE_STANDARD = "gnu++14";
				CLANG_CXX_LIBRARY = "libc++";
				CLANG_ENABLE_MODULES = YES;
				CLANG_ENABLE_OBJC_ARC = YES;
				CLANG_ENABLE_OBJC_WEAK = YES;
				CLANG_WARN_BLOCK_CAPTURE_AUTORELEASING = YES;
				CLANG_WARN_BOOL_CONVERSION = YES;
				CLANG_WARN_COMMA = YES;
				CLANG_WARN_CONSTANT_CONVERSION = YES;
				CLANG_WARN_DEPRECATED_OBJC_IMPLEMENTATIONS = YES;
				CLANG_WARN_DIRECT_OBJC_ISA_USAGE = YES_ERROR;
				CLANG_WARN_DOCUMENTATION_COMMENTS = YES;
				CLANG_WARN_EMPTY_BODY = YES;
				CLANG_WARN_ENUM_CONVERSION = YES;
				CLANG_WARN_INFINITE_RECURSION = YES;
				CLANG_WARN_INT_CONVERSION = YES;
				CLANG_WARN_NON_LITERAL_NULL_CONVERSION = YES;
				CLANG_WARN_OBJC_IMPLICIT_RETAIN_SELF = YES;
				CLANG_WARN_OBJC_LITERAL_CONVERSION = YES;
				CLANG_WARN_OBJC_ROOT_CLASS = YES_ERROR;
				CLANG_WARN_RANGE_LOOP_ANALYSIS = YES;
				CLANG_WARN_STRICT_PROTOTYPES = YES;
				CLANG_WARN_SUSPICIOUS_MOVE = YES;
				CLANG_WARN_UNGUARDED_AVAILABILITY = YES_AGGRESSIVE;
				CLANG_WARN_UNREACHABLE_CODE = YES;
				CLANG_WARN__DUPLICATE_METHOD_MATCH = YES;
				CODE_SIGN_IDENTITY = "iPhone Developer";
				COPY_PHASE_STRIP = NO;
				DEBUG_INFORMATION_FORMAT = "dwarf-with-dsym";
				ENABLE_NS_ASSERTIONS = NO;
				ENABLE_STRICT_OBJC_MSGSEND = YES;
				GCC_C_LANGUAGE_STANDARD = gnu11;
				GCC_NO_COMMON_BLOCKS = YES;
				GCC_WARN_64_TO_32_BIT_CONVERSION = YES;
				GCC_WARN_ABOUT_RETURN_TYPE = YES_ERROR;
				GCC_WARN_UNDECLARED_SELECTOR = YES;
				GCC_WARN_UNINITIALIZED_AUTOS = YES_AGGRESSIVE;
				GCC_WARN_UNUSED_FUNCTION = YES;
				GCC_WARN_UNUSED_VARIABLE = YES;
				IPHONEOS_DEPLOYMENT_TARGET = 11.4;
				MTL_ENABLE_DEBUG_INFO = NO;
				SDKROOT = iphoneos;
				VALIDATE_PRODUCT = YES;
			};
			name = Release;
		};
		80F63CD52127FD9C0090900D /* Debug */ = {
			isa = XCBuildConfiguration;
			buildSettings = {
				ASSETCATALOG_COMPILER_APPICON_NAME = AppIcon;
				CODE_SIGN_STYLE = Automatic;
				DEVELOPMENT_TEAM = H6N6PCG8PL;
				INFOPLIST_FILE = iOSRunLoopDemo/Info.plist;
				LD_RUNPATH_SEARCH_PATHS = (
					"$(inherited)",
					"@executable_path/Frameworks",
				);
				PRODUCT_BUNDLE_IDENTIFIER = com.cxy.iOSRunLoopDemo;
				PRODUCT_NAME = "$(TARGET_NAME)";
				TARGETED_DEVICE_FAMILY = "1,2";
			};
			name = Debug;
		};
		80F63CD62127FD9C0090900D /* Release */ = {
			isa = XCBuildConfiguration;
			buildSettings = {
				ASSETCATALOG_COMPILER_APPICON_NAME = AppIcon;
				CODE_SIGN_STYLE = Automatic;
				DEVELOPMENT_TEAM = H6N6PCG8PL;
				INFOPLIST_FILE = iOSRunLoopDemo/Info.plist;
				LD_RUNPATH_SEARCH_PATHS = (
					"$(inherited)",
					"@executable_path/Frameworks",
				);
				PRODUCT_BUNDLE_IDENTIFIER = com.cxy.iOSRunLoopDemo;
				PRODUCT_NAME = "$(TARGET_NAME)";
				TARGETED_DEVICE_FAMILY = "1,2";
			};
			name = Release;
		};
/* End XCBuildConfiguration section */

/* Begin XCConfigurationList section */
		80F63CB92127FD9A0090900D /* Build configuration list for PBXProject "iOSRunLoopDemo" */ = {
			isa = XCConfigurationList;
			buildConfigurations = (
				80F63CD22127FD9C0090900D /* Debug */,
				80F63CD32127FD9C0090900D /* Release */,
			);
			defaultConfigurationIsVisible = 0;
			defaultConfigurationName = Release;
		};
		80F63CD42127FD9C0090900D /* Build configuration list for PBXNativeTarget "iOSRunLoopDemo" */ = {
			isa = XCConfigurationList;
			buildConfigurations = (
				80F63CD52127FD9C0090900D /* Debug */,
				80F63CD62127FD9C0090900D /* Release */,
			);
			defaultConfigurationIsVisible = 0;
			defaultConfigurationName = Release;
		};
/* End XCConfigurationList section */
	};
	rootObject = 80F63CB62127FD9A0090900D /* Project object */;
}
